
Microsoft Visual Studio Solution File, Format Version 12.00
Project("{2150E333-8FDC-42A3-9474-1A3956D46DE8}") = "Services", "Services", "{BE100FDC-1768-4215-BF5F-7D18D8A9C808}"
EndProject
Project("{2150E333-8FDC-42A3-9474-1A3956D46DE8}") = "Catalog", "Catalog", "{3ACA2B36-B536-4A2C-8821-4D1A01F700FE}"
EndProject
Project("{FAE04EC0-301F-11D3-BF4B-00C04F79EFBC}") = "Catalog.API", "Services\Catalog\Catalog.API\Catalog.API.csproj", "{3E11509A-D085-4E20-8D8E-A6CD51CDC2DD}"
EndProject
Project("{FAE04EC0-301F-11D3-BF4B-00C04F79EFBC}") = "Catalog.Core", "Services\Catalog\Catalog.Core\Catalog.Core.csproj", "{784D8585-942B-47FD-B784-51177894A4E6}"
EndProject
Project("{FAE04EC0-301F-11D3-BF4B-00C04F79EFBC}") = "Catalog.Application", "Services\Catalog\Catalog.Application\Catalog.Application.csproj", "{8B989E19-29D9-4474-9D54-28515B030713}"
EndProject
Project("{FAE04EC0-301F-11D3-BF4B-00C04F79EFBC}") = "Catalog.Infrastructure", "Services\Catalog\Catalog.Infrastructure\Catalog.Infrastructure.csproj", "{47D2247F-3E76-4E76-950B-5687F81B3F5B}"
EndProject
Project("{E53339B2-1760-4266-BCC7-CA923CBCF16C}") = "docker-compose", "docker-compose.dcproj", "{A92412CF-0A07-452C-9DCF-EF3F436F8FA8}"
EndProject
Project("{2150E333-8FDC-42A3-9474-1A3956D46DE8}") = "Basket", "Basket", "{D0303CC3-77BD-42C0-95A6-CADDB1F22EF6}"
EndProject
Project("{FAE04EC0-301F-11D3-BF4B-00C04F79EFBC}") = "Basket.Application", "Services\Basket\Basket.Application\Basket.Application.csproj", "{C95F5936-1BF0-4B8D-8140-DD34168ED0DD}"
EndProject
Project("{FAE04EC0-301F-11D3-BF4B-00C04F79EFBC}") = "Basket.Core", "Services\Basket\Basket.Core\Basket.Core.csproj", "{E7CD8CD4-4BDF-4D4D-BD7B-4C197D6F43DC}"
EndProject
Project("{FAE04EC0-301F-11D3-BF4B-00C04F79EFBC}") = "Basket.Infrastructure", "Services\Basket\Basket.Infrastructure\Basket.Infrastructure.csproj", "{44AF8722-3322-4E08-A741-F2607C288A2A}"
EndProject
Project("{FAE04EC0-301F-11D3-BF4B-00C04F79EFBC}") = "Basket.API", "Services\Basket\Basket.API\Basket.API.csproj", "{B8524087-E5CE-497D-B5E1-F7DA56403E69}"
EndProject
Project("{2150E333-8FDC-42A3-9474-1A3956D46DE8}") = "Discount", "Discount", "{E4D84F5C-7EDB-475B-8457-908BD7FB23DF}"
EndProject
Project("{FAE04EC0-301F-11D3-BF4B-00C04F79EFBC}") = "Discount.API", "Services\Discount\Discount.API\Discount.API.csproj", "{DE45E396-CBEF-4A08-B8D5-58A0AAFDFD95}"
EndProject
Project("{FAE04EC0-301F-11D3-BF4B-00C04F79EFBC}") = "Discount.Core", "Services\Discount\Discount.Core\Discount.Core.csproj", "{9FC2C244-2088-4B86-9EF3-990AFC4A6058}"
EndProject
Project("{FAE04EC0-301F-11D3-BF4B-00C04F79EFBC}") = "Discount.Application", "Services\Discount\Discount.Application\Discount.Application.csproj", "{76CF3045-FDED-442E-BE9F-7835AB698A5E}"
EndProject
Project("{FAE04EC0-301F-11D3-BF4B-00C04F79EFBC}") = "Discount.Infrastructure", "Services\Discount\Discount.Infrastructure\Discount.Infrastructure.csproj", "{F2B0A90E-7918-4DD5-8D80-267D40A67417}"
EndProject
Project("{2150E333-8FDC-42A3-9474-1A3956D46DE8}") = "Ordering", "Ordering", "{F73C0D74-5746-45CC-A54B-E1935E77CFDD}"
EndProject
Project("{FAE04EC0-301F-11D3-BF4B-00C04F79EFBC}") = "Ordering.API", "Services\Ordering\Ordering.API\Ordering.API.csproj", "{3987BB90-42C8-4E5A-8504-8ED62EFC3E48}"
EndProject
Project("{FAE04EC0-301F-11D3-BF4B-00C04F79EFBC}") = "Ordering.Core", "Services\Ordering\Ordering.Core\Ordering.Core.csproj", "{015C78C9-8CDE-4E62-8CE0-044012EA1C39}"
EndProject
Project("{FAE04EC0-301F-11D3-BF4B-00C04F79EFBC}") = "Ordering.Application", "Services\Ordering\Ordering.Application\Ordering.Application.csproj", "{D8AE514F-B81F-4BF5-9ADE-BF639742A378}"
EndProject
Project("{FAE04EC0-301F-11D3-BF4B-00C04F79EFBC}") = "Ordering.Infrastructure", "Services\Ordering\Ordering.Infrastructure\Ordering.Infrastructure.csproj", "{9C6E8B0E-71B1-4213-BC1C-EE673B85779C}"
EndProject
Project("{2150E333-8FDC-42A3-9474-1A3956D46DE8}") = "Infrastructure", "Infrastructure", "{C3FFD898-F4A7-41F8-B697-B28D3D448964}"
EndProject
Project("{FAE04EC0-301F-11D3-BF4B-00C04F79EFBC}") = "EventBus.Messages", "Infrastructure\EventBus.Messages\EventBus.Messages.csproj", "{7D76852C-F766-4135-BDE6-CBDA14C73149}"
EndProject
Project("{2150E333-8FDC-42A3-9474-1A3956D46DE8}") = "ApiGateways", "ApiGateways", "{84F15BEF-B62B-476F-BBE1-6EDABD65613D}"
EndProject
Project("{FAE04EC0-301F-11D3-BF4B-00C04F79EFBC}") = "Ocelot.ApiGateway", "ApiGateways\Ocelot.ApiGateway\Ocelot.ApiGateway.csproj", "{C654EAC8-A96E-4674-A13F-DAE9DA55BC61}"
EndProject
Project("{FAE04EC0-301F-11D3-BF4B-00C04F79EFBC}") = "Common.Logging", "Infrastructure\Common.Logging\Common.Logging.csproj", "{7A98491F-90A9-4362-894D-D95A63DC91C6}"
Project("{FAE04EC0-301F-11D3-BF4B-00C04F79EFBC}") = "EShopping.Identity", "Infrastructure\EShopping.Identity\EShopping.Identity.csproj", "{5ECB295C-DA62-49E7-A1A4-CFFB046646AB}"
EndProject
Global
	GlobalSection(SolutionConfigurationPlatforms) = preSolution
		Debug|Any CPU = Debug|Any CPU
		Release|Any CPU = Release|Any CPU
	EndGlobalSection
	GlobalSection(NestedProjects) = preSolution
		{3ACA2B36-B536-4A2C-8821-4D1A01F700FE} = {BE100FDC-1768-4215-BF5F-7D18D8A9C808}
		{3E11509A-D085-4E20-8D8E-A6CD51CDC2DD} = {3ACA2B36-B536-4A2C-8821-4D1A01F700FE}
		{784D8585-942B-47FD-B784-51177894A4E6} = {3ACA2B36-B536-4A2C-8821-4D1A01F700FE}
		{8B989E19-29D9-4474-9D54-28515B030713} = {3ACA2B36-B536-4A2C-8821-4D1A01F700FE}
		{47D2247F-3E76-4E76-950B-5687F81B3F5B} = {3ACA2B36-B536-4A2C-8821-4D1A01F700FE}
		{D0303CC3-77BD-42C0-95A6-CADDB1F22EF6} = {BE100FDC-1768-4215-BF5F-7D18D8A9C808}
		{C95F5936-1BF0-4B8D-8140-DD34168ED0DD} = {D0303CC3-77BD-42C0-95A6-CADDB1F22EF6}
		{E7CD8CD4-4BDF-4D4D-BD7B-4C197D6F43DC} = {D0303CC3-77BD-42C0-95A6-CADDB1F22EF6}
		{44AF8722-3322-4E08-A741-F2607C288A2A} = {D0303CC3-77BD-42C0-95A6-CADDB1F22EF6}
		{B8524087-E5CE-497D-B5E1-F7DA56403E69} = {D0303CC3-77BD-42C0-95A6-CADDB1F22EF6}
		{E4D84F5C-7EDB-475B-8457-908BD7FB23DF} = {BE100FDC-1768-4215-BF5F-7D18D8A9C808}
		{DE45E396-CBEF-4A08-B8D5-58A0AAFDFD95} = {E4D84F5C-7EDB-475B-8457-908BD7FB23DF}
		{9FC2C244-2088-4B86-9EF3-990AFC4A6058} = {E4D84F5C-7EDB-475B-8457-908BD7FB23DF}
		{76CF3045-FDED-442E-BE9F-7835AB698A5E} = {E4D84F5C-7EDB-475B-8457-908BD7FB23DF}
		{F2B0A90E-7918-4DD5-8D80-267D40A67417} = {E4D84F5C-7EDB-475B-8457-908BD7FB23DF}
		{F73C0D74-5746-45CC-A54B-E1935E77CFDD} = {BE100FDC-1768-4215-BF5F-7D18D8A9C808}
		{3987BB90-42C8-4E5A-8504-8ED62EFC3E48} = {F73C0D74-5746-45CC-A54B-E1935E77CFDD}
		{015C78C9-8CDE-4E62-8CE0-044012EA1C39} = {F73C0D74-5746-45CC-A54B-E1935E77CFDD}
		{D8AE514F-B81F-4BF5-9ADE-BF639742A378} = {F73C0D74-5746-45CC-A54B-E1935E77CFDD}
		{9C6E8B0E-71B1-4213-BC1C-EE673B85779C} = {F73C0D74-5746-45CC-A54B-E1935E77CFDD}
		{7D76852C-F766-4135-BDE6-CBDA14C73149} = {C3FFD898-F4A7-41F8-B697-B28D3D448964}
		{C654EAC8-A96E-4674-A13F-DAE9DA55BC61} = {84F15BEF-B62B-476F-BBE1-6EDABD65613D}
		{7A98491F-90A9-4362-894D-D95A63DC91C6} = {C3FFD898-F4A7-41F8-B697-B28D3D448964}
		{5ECB295C-DA62-49E7-A1A4-CFFB046646AB} = {C3FFD898-F4A7-41F8-B697-B28D3D448964}
	EndGlobalSection
	GlobalSection(ProjectConfigurationPlatforms) = postSolution
		{3E11509A-D085-4E20-8D8E-A6CD51CDC2DD}.Debug|Any CPU.ActiveCfg = Debug|Any CPU
		{3E11509A-D085-4E20-8D8E-A6CD51CDC2DD}.Debug|Any CPU.Build.0 = Debug|Any CPU
		{3E11509A-D085-4E20-8D8E-A6CD51CDC2DD}.Release|Any CPU.ActiveCfg = Release|Any CPU
		{3E11509A-D085-4E20-8D8E-A6CD51CDC2DD}.Release|Any CPU.Build.0 = Release|Any CPU
		{784D8585-942B-47FD-B784-51177894A4E6}.Debug|Any CPU.ActiveCfg = Debug|Any CPU
		{784D8585-942B-47FD-B784-51177894A4E6}.Debug|Any CPU.Build.0 = Debug|Any CPU
		{784D8585-942B-47FD-B784-51177894A4E6}.Release|Any CPU.ActiveCfg = Release|Any CPU
		{784D8585-942B-47FD-B784-51177894A4E6}.Release|Any CPU.Build.0 = Release|Any CPU
		{8B989E19-29D9-4474-9D54-28515B030713}.Debug|Any CPU.ActiveCfg = Debug|Any CPU
		{8B989E19-29D9-4474-9D54-28515B030713}.Debug|Any CPU.Build.0 = Debug|Any CPU
		{8B989E19-29D9-4474-9D54-28515B030713}.Release|Any CPU.ActiveCfg = Release|Any CPU
		{8B989E19-29D9-4474-9D54-28515B030713}.Release|Any CPU.Build.0 = Release|Any CPU
		{47D2247F-3E76-4E76-950B-5687F81B3F5B}.Debug|Any CPU.ActiveCfg = Debug|Any CPU
		{47D2247F-3E76-4E76-950B-5687F81B3F5B}.Debug|Any CPU.Build.0 = Debug|Any CPU
		{47D2247F-3E76-4E76-950B-5687F81B3F5B}.Release|Any CPU.ActiveCfg = Release|Any CPU
		{47D2247F-3E76-4E76-950B-5687F81B3F5B}.Release|Any CPU.Build.0 = Release|Any CPU
		{C95F5936-1BF0-4B8D-8140-DD34168ED0DD}.Debug|Any CPU.ActiveCfg = Debug|Any CPU
		{C95F5936-1BF0-4B8D-8140-DD34168ED0DD}.Debug|Any CPU.Build.0 = Debug|Any CPU
		{C95F5936-1BF0-4B8D-8140-DD34168ED0DD}.Release|Any CPU.ActiveCfg = Release|Any CPU
		{C95F5936-1BF0-4B8D-8140-DD34168ED0DD}.Release|Any CPU.Build.0 = Release|Any CPU
		{E7CD8CD4-4BDF-4D4D-BD7B-4C197D6F43DC}.Debug|Any CPU.ActiveCfg = Debug|Any CPU
		{E7CD8CD4-4BDF-4D4D-BD7B-4C197D6F43DC}.Debug|Any CPU.Build.0 = Debug|Any CPU
		{E7CD8CD4-4BDF-4D4D-BD7B-4C197D6F43DC}.Release|Any CPU.ActiveCfg = Release|Any CPU
		{E7CD8CD4-4BDF-4D4D-BD7B-4C197D6F43DC}.Release|Any CPU.Build.0 = Release|Any CPU
		{44AF8722-3322-4E08-A741-F2607C288A2A}.Debug|Any CPU.ActiveCfg = Debug|Any CPU
		{44AF8722-3322-4E08-A741-F2607C288A2A}.Debug|Any CPU.Build.0 = Debug|Any CPU
		{44AF8722-3322-4E08-A741-F2607C288A2A}.Release|Any CPU.ActiveCfg = Release|Any CPU
		{44AF8722-3322-4E08-A741-F2607C288A2A}.Release|Any CPU.Build.0 = Release|Any CPU
		{B8524087-E5CE-497D-B5E1-F7DA56403E69}.Debug|Any CPU.ActiveCfg = Debug|Any CPU
		{B8524087-E5CE-497D-B5E1-F7DA56403E69}.Debug|Any CPU.Build.0 = Debug|Any CPU
		{B8524087-E5CE-497D-B5E1-F7DA56403E69}.Release|Any CPU.ActiveCfg = Release|Any CPU
		{B8524087-E5CE-497D-B5E1-F7DA56403E69}.Release|Any CPU.Build.0 = Release|Any CPU
		{DE45E396-CBEF-4A08-B8D5-58A0AAFDFD95}.Debug|Any CPU.ActiveCfg = Debug|Any CPU
		{DE45E396-CBEF-4A08-B8D5-58A0AAFDFD95}.Debug|Any CPU.Build.0 = Debug|Any CPU
		{DE45E396-CBEF-4A08-B8D5-58A0AAFDFD95}.Release|Any CPU.ActiveCfg = Release|Any CPU
		{DE45E396-CBEF-4A08-B8D5-58A0AAFDFD95}.Release|Any CPU.Build.0 = Release|Any CPU
		{9FC2C244-2088-4B86-9EF3-990AFC4A6058}.Debug|Any CPU.ActiveCfg = Debug|Any CPU
		{9FC2C244-2088-4B86-9EF3-990AFC4A6058}.Debug|Any CPU.Build.0 = Debug|Any CPU
		{9FC2C244-2088-4B86-9EF3-990AFC4A6058}.Release|Any CPU.ActiveCfg = Release|Any CPU
		{9FC2C244-2088-4B86-9EF3-990AFC4A6058}.Release|Any CPU.Build.0 = Release|Any CPU
		{76CF3045-FDED-442E-BE9F-7835AB698A5E}.Debug|Any CPU.ActiveCfg = Debug|Any CPU
		{76CF3045-FDED-442E-BE9F-7835AB698A5E}.Debug|Any CPU.Build.0 = Debug|Any CPU
		{76CF3045-FDED-442E-BE9F-7835AB698A5E}.Release|Any CPU.ActiveCfg = Release|Any CPU
		{76CF3045-FDED-442E-BE9F-7835AB698A5E}.Release|Any CPU.Build.0 = Release|Any CPU
		{F2B0A90E-7918-4DD5-8D80-267D40A67417}.Debug|Any CPU.ActiveCfg = Debug|Any CPU
		{F2B0A90E-7918-4DD5-8D80-267D40A67417}.Debug|Any CPU.Build.0 = Debug|Any CPU
		{F2B0A90E-7918-4DD5-8D80-267D40A67417}.Release|Any CPU.ActiveCfg = Release|Any CPU
		{F2B0A90E-7918-4DD5-8D80-267D40A67417}.Release|Any CPU.Build.0 = Release|Any CPU
		{3987BB90-42C8-4E5A-8504-8ED62EFC3E48}.Debug|Any CPU.ActiveCfg = Debug|Any CPU
		{3987BB90-42C8-4E5A-8504-8ED62EFC3E48}.Debug|Any CPU.Build.0 = Debug|Any CPU
		{3987BB90-42C8-4E5A-8504-8ED62EFC3E48}.Release|Any CPU.ActiveCfg = Release|Any CPU
		{3987BB90-42C8-4E5A-8504-8ED62EFC3E48}.Release|Any CPU.Build.0 = Release|Any CPU
		{015C78C9-8CDE-4E62-8CE0-044012EA1C39}.Debug|Any CPU.ActiveCfg = Debug|Any CPU
		{015C78C9-8CDE-4E62-8CE0-044012EA1C39}.Debug|Any CPU.Build.0 = Debug|Any CPU
		{015C78C9-8CDE-4E62-8CE0-044012EA1C39}.Release|Any CPU.ActiveCfg = Release|Any CPU
		{015C78C9-8CDE-4E62-8CE0-044012EA1C39}.Release|Any CPU.Build.0 = Release|Any CPU
		{D8AE514F-B81F-4BF5-9ADE-BF639742A378}.Debug|Any CPU.ActiveCfg = Debug|Any CPU
		{D8AE514F-B81F-4BF5-9ADE-BF639742A378}.Debug|Any CPU.Build.0 = Debug|Any CPU
		{D8AE514F-B81F-4BF5-9ADE-BF639742A378}.Release|Any CPU.ActiveCfg = Release|Any CPU
		{D8AE514F-B81F-4BF5-9ADE-BF639742A378}.Release|Any CPU.Build.0 = Release|Any CPU
		{9C6E8B0E-71B1-4213-BC1C-EE673B85779C}.Debug|Any CPU.ActiveCfg = Debug|Any CPU
		{9C6E8B0E-71B1-4213-BC1C-EE673B85779C}.Debug|Any CPU.Build.0 = Debug|Any CPU
		{9C6E8B0E-71B1-4213-BC1C-EE673B85779C}.Release|Any CPU.ActiveCfg = Release|Any CPU
		{9C6E8B0E-71B1-4213-BC1C-EE673B85779C}.Release|Any CPU.Build.0 = Release|Any CPU
		{7D76852C-F766-4135-BDE6-CBDA14C73149}.Debug|Any CPU.ActiveCfg = Debug|Any CPU
		{7D76852C-F766-4135-BDE6-CBDA14C73149}.Debug|Any CPU.Build.0 = Debug|Any CPU
		{7D76852C-F766-4135-BDE6-CBDA14C73149}.Release|Any CPU.ActiveCfg = Release|Any CPU
		{7D76852C-F766-4135-BDE6-CBDA14C73149}.Release|Any CPU.Build.0 = Release|Any CPU
		{C654EAC8-A96E-4674-A13F-DAE9DA55BC61}.Debug|Any CPU.ActiveCfg = Debug|Any CPU
		{C654EAC8-A96E-4674-A13F-DAE9DA55BC61}.Debug|Any CPU.Build.0 = Debug|Any CPU
		{C654EAC8-A96E-4674-A13F-DAE9DA55BC61}.Release|Any CPU.ActiveCfg = Release|Any CPU
		{C654EAC8-A96E-4674-A13F-DAE9DA55BC61}.Release|Any CPU.Build.0 = Release|Any CPU
		{7A98491F-90A9-4362-894D-D95A63DC91C6}.Debug|Any CPU.ActiveCfg = Debug|Any CPU
		{7A98491F-90A9-4362-894D-D95A63DC91C6}.Debug|Any CPU.Build.0 = Debug|Any CPU
		{7A98491F-90A9-4362-894D-D95A63DC91C6}.Release|Any CPU.ActiveCfg = Release|Any CPU
		{7A98491F-90A9-4362-894D-D95A63DC91C6}.Release|Any CPU.Build.0 = Release|Any CPU
		{5ECB295C-DA62-49E7-A1A4-CFFB046646AB}.Debug|Any CPU.ActiveCfg = Debug|Any CPU
		{5ECB295C-DA62-49E7-A1A4-CFFB046646AB}.Debug|Any CPU.Build.0 = Debug|Any CPU
		{5ECB295C-DA62-49E7-A1A4-CFFB046646AB}.Release|Any CPU.ActiveCfg = Release|Any CPU
		{5ECB295C-DA62-49E7-A1A4-CFFB046646AB}.Release|Any CPU.Build.0 = Release|Any CPU
	EndGlobalSection
EndGlobal
